{
  "name": "tracking-fe",
  "version": "1.0.0",
  "lockfileVersion": 1,
  "requires": true,
  "dependencies": {
    "@types/estree": {
      "version": "0.0.39",
      "resolved": "http://registry.npm.taobao.org/@types/estree/download/@types/estree-0.0.39.tgz",
      "integrity": "sha1-4Xfmme4bjCLSMXTKqnQiZEOJUJ8="
    },
    "@types/node": {
      "version": "10.11.7",
      "resolved": "http://registry.npm.taobao.org/@types/node/download/@types/node-10.11.7.tgz",
      "integrity": "sha1-DnXKk1fWRsp1QBbKHWihJ61+cwA="
    },
    "rollup": {
      "version": "0.66.6",
      "resolved": "http://registry.npm.taobao.org/rollup/download/rollup-0.66.6.tgz",
      "integrity": "sha1-zn1hhb63rOpkTOIgwl5xrgMnVII=",
      "requires": {
        "@types/estree": "0.0.39",
        "@types/node": "*"
      }
    }
  }
}
